// !$*UTF8*$!
{
	archiveVersion = 1;
	classes = {
	};
	objectVersion = 51;
	objects = {

/* Begin PBXBuildFile section */
		08B46C2D2364A26800E0148A /* SceneKit Asset Catalog.scnassets in Resources */ = {isa = PBXBuildFile; fileRef = 08B46C2C2364A26800E0148A /* SceneKit Asset Catalog.scnassets */; };
		0F3D9E972327544C0051302A /* AppDelegate.swift in Sources */ = {isa = PBXBuildFile; fileRef = 0F3D9E962327544C0051302A /* AppDelegate.swift */; };
		0F3D9E992327544C0051302A /* ARViewController.swift in Sources */ = {isa = PBXBuildFile; fileRef = 0F3D9E982327544C0051302A /* ARViewController.swift */; };
		0F3D9E9C2327544C0051302A /* Main.storyboard in Resources */ = {isa = PBXBuildFile; fileRef = 0F3D9E9A2327544C0051302A /* Main.storyboard */; };
		0F3D9E9E2327544F0051302A /* Assets.xcassets in Resources */ = {isa = PBXBuildFile; fileRef = 0F3D9E9D2327544F0051302A /* Assets.xcassets */; };
		0F3D9EA12327544F0051302A /* LaunchScreen.storyboard in Resources */ = {isa = PBXBuildFile; fileRef = 0F3D9E9F2327544F0051302A /* LaunchScreen.storyboard */; };
		0F3D9EAC2327544F0051302A /* WorkspaceTests.swift in Sources */ = {isa = PBXBuildFile; fileRef = 0F3D9EAB2327544F0051302A /* WorkspaceTests.swift */; };
		0F4430F32373C4C500CEF200 /* SIgnInViewController.swift in Sources */ = {isa = PBXBuildFile; fileRef = 0F4430F22373C4C500CEF200 /* SIgnInViewController.swift */; };
		A536F679AABC2B08812A345B /* libPods-Workspace.a in Frameworks */ = {isa = PBXBuildFile; fileRef = 6B21EA1B84BBAEFCE0ACA092 /* libPods-Workspace.a */; };
/* End PBXBuildFile section */

/* Begin PBXContainerItemProxy section */
		0F3D9EA82327544F0051302A /* PBXContainerItemProxy */ = {
			isa = PBXContainerItemProxy;
			containerPortal = 0F3D9E8B2327544C0051302A /* Project object */;
			proxyType = 1;
			remoteGlobalIDString = 0F3D9E922327544C0051302A;
			remoteInfo = Workspace;
		};
/* End PBXContainerItemProxy section */

/* Begin PBXFileReference section */
		08B46C2C2364A26800E0148A /* SceneKit Asset Catalog.scnassets */ = {isa = PBXFileReference; lastKnownFileType = wrapper.scnassets; path = "SceneKit Asset Catalog.scnassets"; sourceTree = "<group>"; };
		09443A09D33B265B1B62ABBF /* Pods-Workspace.release.xcconfig */ = {isa = PBXFileReference; includeInIndex = 1; lastKnownFileType = text.xcconfig; name = "Pods-Workspace.release.xcconfig"; path = "Target Support Files/Pods-Workspace/Pods-Workspace.release.xcconfig"; sourceTree = "<group>"; };
		0F3D9E932327544C0051302A /* Workspace.app */ = {isa = PBXFileReference; explicitFileType = wrapper.application; includeInIndex = 0; path = Workspace.app; sourceTree = BUILT_PRODUCTS_DIR; };
		0F3D9E962327544C0051302A /* AppDelegate.swift */ = {isa = PBXFileReference; lastKnownFileType = sourcecode.swift; path = AppDelegate.swift; sourceTree = "<group>"; };
		0F3D9E982327544C0051302A /* ARViewController.swift */ = {isa = PBXFileReference; lastKnownFileType = sourcecode.swift; path = ARViewController.swift; sourceTree = "<group>"; };
		0F3D9E9B2327544C0051302A /* Base */ = {isa = PBXFileReference; lastKnownFileType = file.storyboard; name = Base; path = Base.lproj/Main.storyboard; sourceTree = "<group>"; };
		0F3D9E9D2327544F0051302A /* Assets.xcassets */ = {isa = PBXFileReference; lastKnownFileType = folder.assetcatalog; path = Assets.xcassets; sourceTree = "<group>"; };
		0F3D9EA02327544F0051302A /* Base */ = {isa = PBXFileReference; lastKnownFileType = file.storyboard; name = Base; path = Base.lproj/LaunchScreen.storyboard; sourceTree = "<group>"; };
		0F3D9EA22327544F0051302A /* Info.plist */ = {isa = PBXFileReference; lastKnownFileType = text.plist.xml; path = Info.plist; sourceTree = "<group>"; };
		0F3D9EA72327544F0051302A /* WorkspaceTests.xctest */ = {isa = PBXFileReference; explicitFileType = wrapper.cfbundle; includeInIndex = 0; path = WorkspaceTests.xctest; sourceTree = BUILT_PRODUCTS_DIR; };
		0F3D9EAB2327544F0051302A /* WorkspaceTests.swift */ = {isa = PBXFileReference; lastKnownFileType = sourcecode.swift; path = WorkspaceTests.swift; sourceTree = "<group>"; };
		0F3D9EAD2327544F0051302A /* Info.plist */ = {isa = PBXFileReference; lastKnownFileType = text.plist.xml; path = Info.plist; sourceTree = "<group>"; };
		0F4430F22373C4C500CEF200 /* SIgnInViewController.swift */ = {isa = PBXFileReference; lastKnownFileType = sourcecode.swift; path = SIgnInViewController.swift; sourceTree = "<group>"; };
		6B21EA1B84BBAEFCE0ACA092 /* libPods-Workspace.a */ = {isa = PBXFileReference; explicitFileType = archive.ar; includeInIndex = 0; path = "libPods-Workspace.a"; sourceTree = BUILT_PRODUCTS_DIR; };
		AAD04374301C66AAB219DA3A /* Pods-Workspace.debug.xcconfig */ = {isa = PBXFileReference; includeInIndex = 1; lastKnownFileType = text.xcconfig; name = "Pods-Workspace.debug.xcconfig"; path = "Target Support Files/Pods-Workspace/Pods-Workspace.debug.xcconfig"; sourceTree = "<group>"; };
/* End PBXFileReference section */

/* Begin PBXFrameworksBuildPhase section */
		0F3D9E902327544C0051302A /* Frameworks */ = {
			isa = PBXFrameworksBuildPhase;
			buildActionMask = 2147483647;
			files = (
				A536F679AABC2B08812A345B /* libPods-Workspace.a in Frameworks */,
			);
			runOnlyForDeploymentPostprocessing = 0;
		};
		0F3D9EA42327544F0051302A /* Frameworks */ = {
			isa = PBXFrameworksBuildPhase;
			buildActionMask = 2147483647;
			files = (
			);
			runOnlyForDeploymentPostprocessing = 0;
		};
/* End PBXFrameworksBuildPhase section */

/* Begin PBXGroup section */
		099CD78E814D2D707443F3F7 /* Pods */ = {
			isa = PBXGroup;
			children = (
				AAD04374301C66AAB219DA3A /* Pods-Workspace.debug.xcconfig */,
				09443A09D33B265B1B62ABBF /* Pods-Workspace.release.xcconfig */,
			);
			path = Pods;
			sourceTree = "<group>";
		};
		0F3D9E8A2327544C0051302A = {
			isa = PBXGroup;
			children = (
				0F3D9E952327544C0051302A /* Workspace */,
				0F3D9EAA2327544F0051302A /* WorkspaceTests */,
				0F3D9E942327544C0051302A /* Products */,
				099CD78E814D2D707443F3F7 /* Pods */,
				B75F8F4AD9D8A13BCF175ECA /* Frameworks */,
			);
			sourceTree = "<group>";
		};
		0F3D9E942327544C0051302A /* Products */ = {
			isa = PBXGroup;
			children = (
				0F3D9E932327544C0051302A /* Workspace.app */,
				0F3D9EA72327544F0051302A /* WorkspaceTests.xctest */,
			);
			name = Products;
			sourceTree = "<group>";
		};
		0F3D9E952327544C0051302A /* Workspace */ = {
			isa = PBXGroup;
			children = (
				0F3D9E962327544C0051302A /* AppDelegate.swift */,
				0F3D9E982327544C0051302A /* ARViewController.swift */,
				0F3D9E9A2327544C0051302A /* Main.storyboard */,
				08B46C2C2364A26800E0148A /* SceneKit Asset Catalog.scnassets */,
				0F3D9E9D2327544F0051302A /* Assets.xcassets */,
				0F3D9E9F2327544F0051302A /* LaunchScreen.storyboard */,
				0F3D9EA22327544F0051302A /* Info.plist */,
				0F4430F22373C4C500CEF200 /* SIgnInViewController.swift */,
			);
			path = Workspace;
			sourceTree = "<group>";
		};
		0F3D9EAA2327544F0051302A /* WorkspaceTests */ = {
			isa = PBXGroup;
			children = (
				0F3D9EAB2327544F0051302A /* WorkspaceTests.swift */,
				0F3D9EAD2327544F0051302A /* Info.plist */,
			);
			path = WorkspaceTests;
			sourceTree = "<group>";
		};
		B75F8F4AD9D8A13BCF175ECA /* Frameworks */ = {
			isa = PBXGroup;
			children = (
				6B21EA1B84BBAEFCE0ACA092 /* libPods-Workspace.a */,
			);
			name = Frameworks;
			sourceTree = "<group>";
		};
/* End PBXGroup section */

/* Begin PBXNativeTarget section */
		0F3D9E922327544C0051302A /* Workspace */ = {
			isa = PBXNativeTarget;
			buildConfigurationList = 0F3D9EB02327544F0051302A /* Build configuration list for PBXNativeTarget "Workspace" */;
			buildPhases = (
				22050484617B8624A55FD1FF /* [CP] Check Pods Manifest.lock */,
				0F3D9E8F2327544C0051302A /* Sources */,
				0F3D9E902327544C0051302A /* Frameworks */,
				0F3D9E912327544C0051302A /* Resources */,
				7A110E0A4DB372F065E6BE42 /* [CP] Copy Pods Resources */,
			);
			buildRules = (
			);
			dependencies = (
			);
			name = Workspace;
			productName = Workspace;
			productReference = 0F3D9E932327544C0051302A /* Workspace.app */;
			productType = "com.apple.product-type.application";
		};
		0F3D9EA62327544F0051302A /* WorkspaceTests */ = {
			isa = PBXNativeTarget;
			buildConfigurationList = 0F3D9EB32327544F0051302A /* Build configuration list for PBXNativeTarget "WorkspaceTests" */;
			buildPhases = (
				0F3D9EA32327544F0051302A /* Sources */,
				0F3D9EA42327544F0051302A /* Frameworks */,
				0F3D9EA52327544F0051302A /* Resources */,
			);
			buildRules = (
			);
			dependencies = (
				0F3D9EA92327544F0051302A /* PBXTargetDependency */,
			);
			name = WorkspaceTests;
			productName = WorkspaceTests;
			productReference = 0F3D9EA72327544F0051302A /* WorkspaceTests.xctest */;
			productType = "com.apple.product-type.bundle.unit-test";
		};
/* End PBXNativeTarget section */

/* Begin PBXProject section */
		0F3D9E8B2327544C0051302A /* Project object */ = {
			isa = PBXProject;
			attributes = {
				LastSwiftUpdateCheck = 1030;
				LastUpgradeCheck = 1030;
				ORGANIZATIONNAME = jamestouri;
				TargetAttributes = {
					0F3D9E922327544C0051302A = {
						CreatedOnToolsVersion = 10.3;
					};
					0F3D9EA62327544F0051302A = {
						CreatedOnToolsVersion = 10.3;
						TestTargetID = 0F3D9E922327544C0051302A;
					};
				};
			};
			buildConfigurationList = 0F3D9E8E2327544C0051302A /* Build configuration list for PBXProject "Workspace" */;
			compatibilityVersion = "Xcode 9.3";
			developmentRegion = en;
			hasScannedForEncodings = 0;
			knownRegions = (
				en,
				Base,
			);
			mainGroup = 0F3D9E8A2327544C0051302A;
			productRefGroup = 0F3D9E942327544C0051302A /* Products */;
			projectDirPath = "";
			projectRoot = "";
			targets = (
				0F3D9E922327544C0051302A /* Workspace */,
				0F3D9EA62327544F0051302A /* WorkspaceTests */,
			);
		};
/* End PBXProject section */

/* Begin PBXResourcesBuildPhase section */
		0F3D9E912327544C0051302A /* Resources */ = {
			isa = PBXResourcesBuildPhase;
			buildActionMask = 2147483647;
			files = (
				08B46C2D2364A26800E0148A /* SceneKit Asset Catalog.scnassets in Resources */,
				0F3D9EA12327544F0051302A /* LaunchScreen.storyboard in Resources */,
				0F3D9E9E2327544F0051302A /* Assets.xcassets in Resources */,
				0F3D9E9C2327544C0051302A /* Main.storyboard in Resources */,
			);
			runOnlyForDeploymentPostprocessing = 0;
		};
		0F3D9EA52327544F0051302A /* Resources */ = {
			isa = PBXResourcesBuildPhase;
			buildActionMask = 2147483647;
			files = (
			);
			runOnlyForDeploymentPostprocessing = 0;
		};
/* End PBXResourcesBuildPhase section */

/* Begin PBXShellScriptBuildPhase section */
		22050484617B8624A55FD1FF /* [CP] Check Pods Manifest.lock */ = {
			isa = PBXShellScriptBuildPhase;
			buildActionMask = 2147483647;
			files = (
			);
			inputFileListPaths = (
			);
			inputPaths = (
				"${PODS_PODFILE_DIR_PATH}/Podfile.lock",
				"${PODS_ROOT}/Manifest.lock",
			);
			name = "[CP] Check Pods Manifest.lock";
			outputFileListPaths = (
			);
			outputPaths = (
				"$(DERIVED_FILE_DIR)/Pods-Workspace-checkManifestLockResult.txt",
			);
			runOnlyForDeploymentPostprocessing = 0;
			shellPath = /bin/sh;
			shellScript = "diff \"${PODS_PODFILE_DIR_PATH}/Podfile.lock\" \"${PODS_ROOT}/Manifest.lock\" > /dev/null\nif [ $? != 0 ] ; then\n    # print error to STDERR\n    echo \"error: The sandbox is not in sync with the Podfile.lock. Run 'pod install' or update your CocoaPods installation.\" >&2\n    exit 1\nfi\n# This output is used by Xcode 'outputs' to avoid re-running this script phase.\necho \"SUCCESS\" > \"${SCRIPT_OUTPUT_FILE_0}\"\n";
			showEnvVarsInLog = 0;
		};
		7A110E0A4DB372F065E6BE42 /* [CP] Copy Pods Resources */ = {
			isa = PBXShellScriptBuildPhase;
			buildActionMask = 2147483647;
			files = (
			);
			inputFileListPaths = (
				"${PODS_ROOT}/Target Support Files/Pods-Workspace/Pods-Workspace-resources-${CONFIGURATION}-input-files.xcfilelist",
			);
			name = "[CP] Copy Pods Resources";
			outputFileListPaths = (
				"${PODS_ROOT}/Target Support Files/Pods-Workspace/Pods-Workspace-resources-${CONFIGURATION}-output-files.xcfilelist",
			);
			runOnlyForDeploymentPostprocessing = 0;
			shellPath = /bin/sh;
			shellScript = "\"${PODS_ROOT}/Target Support Files/Pods-Workspace/Pods-Workspace-resources.sh\"\n";
			showEnvVarsInLog = 0;
		};
/* End PBXShellScriptBuildPhase section */

/* Begin PBXSourcesBuildPhase section */
		0F3D9E8F2327544C0051302A /* Sources */ = {
			isa = PBXSourcesBuildPhase;
			buildActionMask = 2147483647;
			files = (
				0F3D9E992327544C0051302A /* ARViewController.swift in Sources */,
				0F4430F32373C4C500CEF200 /* SIgnInViewController.swift in Sources */,
				0F3D9E972327544C0051302A /* AppDelegate.swift in Sources */,
			);
			runOnlyForDeploymentPostprocessing = 0;
		};
		0F3D9EA32327544F0051302A /* Sources */ = {
			isa = PBXSourcesBuildPhase;
			buildActionMask = 2147483647;
			files = (
				0F3D9EAC2327544F0051302A /* WorkspaceTests.swift in Sources */,
			);
			runOnlyForDeploymentPostprocessing = 0;
		};
/* End PBXSourcesBuildPhase section */

/* Begin PBXTargetDependency section */
		0F3D9EA92327544F0051302A /* PBXTargetDependency */ = {
			isa = PBXTargetDependency;
			target = 0F3D9E922327544C0051302A /* Workspace */;
			targetProxy = 0F3D9EA82327544F0051302A /* PBXContainerItemProxy */;
		};
/* End PBXTargetDependency section */

/* Begin PBXVariantGroup section */
		0F3D9E9A2327544C0051302A /* Main.storyboard */ = {
			isa = PBXVariantGroup;
			children = (
				0F3D9E9B2327544C0051302A /* Base */,
			);
			name = Main.storyboard;
			sourceTree = "<group>";
		};
		0F3D9E9F2327544F0051302A /* LaunchScreen.storyboard */ = {
			isa = PBXVariantGroup;
			children = (
				0F3D9EA02327544F0051302A /* Base */,
			);
			name = LaunchScreen.storyboard;
			sourceTree = "<group>";
		};
/* End PBXVariantGroup section */

/* Begin XCBuildConfiguration section */
		0F3D9EAE2327544F0051302A /* Debug */ = {
			isa = XCBuildConfiguration;
			buildSettings = {
				ALWAYS_SEARCH_USER_PATHS = NO;
				CLANG_ANALYZER_NONNULL = YES;
				CLANG_ANALYZER_NUMBER_OBJECT_CONVERSION = YES_AGGRESSIVE;
				CLANG_CXX_LANGUAGE_STANDARD = "gnu++14";
				CLANG_CXX_LIBRARY = "libc++";
				CLANG_ENABLE_MODULES = YES;
				CLANG_ENABLE_OBJC_ARC = YES;
				CLANG_ENABLE_OBJC_WEAK = YES;
				CLANG_WARN_BLOCK_CAPTURE_AUTORELEASING = YES;
				CLANG_WARN_BOOL_CONVERSION = YES;
				CLANG_WARN_COMMA = YES;
				CLANG_WARN_CONSTANT_CONVERSION = YES;
				CLANG_WARN_DEPRECATED_OBJC_IMPLEMENTATIONS = YES;
				CLANG_WARN_DIRECT_OBJC_ISA_USAGE = YES_ERROR;
				CLANG_WARN_DOCUMENTATION_COMMENTS = YES;
				CLANG_WARN_EMPTY_BODY = YES;
				CLANG_WARN_ENUM_CONVERSION = YES;
				CLANG_WARN_INFINITE_RECURSION = YES;
				CLANG_WARN_INT_CONVERSION = YES;
				CLANG_WARN_NON_LITERAL_NULL_CONVERSION = YES;
				CLANG_WARN_OBJC_IMPLICIT_RETAIN_SELF = YES;
				CLANG_WARN_OBJC_LITERAL_CONVERSION = YES;
				CLANG_WARN_OBJC_ROOT_CLASS = YES_ERROR;
				CLANG_WARN_RANGE_LOOP_ANALYSIS = YES;
				CLANG_WARN_STRICT_PROTOTYPES = YES;
				CLANG_WARN_SUSPICIOUS_MOVE = YES;
				CLANG_WARN_UNGUARDED_AVAILABILITY = YES_AGGRESSIVE;
				CLANG_WARN_UNREACHABLE_CODE = YES;
				CLANG_WARN__DUPLICATE_METHOD_MATCH = YES;
				CODE_SIGN_IDENTITY = "iPhone Developer";
				COPY_PHASE_STRIP = NO;
				DEBUG_INFORMATION_FORMAT = dwarf;
				ENABLE_STRICT_OBJC_MSGSEND = YES;
				ENABLE_TESTABILITY = YES;
				GCC_C_LANGUAGE_STANDARD = gnu11;
				GCC_DYNAMIC_NO_PIC = NO;
				GCC_NO_COMMON_BLOCKS = YES;
				GCC_OPTIMIZATION_LEVEL = 0;
				GCC_PREPROCESSOR_DEFINITIONS = (
					"DEBUG=1",
					"$(inherited)",
				);
				GCC_WARN_64_TO_32_BIT_CONVERSION = YES;
				GCC_WARN_ABOUT_RETURN_TYPE = YES_ERROR;
				GCC_WARN_UNDECLARED_SELECTOR = YES;
				GCC_WARN_UNINITIALIZED_AUTOS = YES_AGGRESSIVE;
				GCC_WARN_UNUSED_FUNCTION = YES;
				GCC_WARN_UNUSED_VARIABLE = YES;
				IPHONEOS_DEPLOYMENT_TARGET = 12.4;
				MTL_ENABLE_DEBUG_INFO = INCLUDE_SOURCE;
				MTL_FAST_MATH = YES;
				ONLY_ACTIVE_ARCH = YES;
				SDKROOT = iphoneos;
				SWIFT_ACTIVE_COMPILATION_CONDITIONS = DEBUG;
				SWIFT_OPTIMIZATION_LEVEL = "-Onone";
			};
			name = Debug;
		};
		0F3D9EAF2327544F0051302A /* Release */ = {
			isa = XCBuildConfiguration;
			buildSettings = {
				ALWAYS_SEARCH_USER_PATHS = NO;
				CLANG_ANALYZER_NONNULL = YES;
				CLANG_ANALYZER_NUMBER_OBJECT_CONVERSION = YES_AGGRESSIVE;
				CLANG_CXX_LANGUAGE_STANDARD = "gnu++14";
				CLANG_CXX_LIBRARY = "libc++";
				CLANG_ENABLE_MODULES = YES;
				CLANG_ENABLE_OBJC_ARC = YES;
				CLANG_ENABLE_OBJC_WEAK = YES;
				CLANG_WARN_BLOCK_CAPTURE_AUTORELEASING = YES;
				CLANG_WARN_BOOL_CONVERSION = YES;
				CLANG_WARN_COMMA = YES;
				CLANG_WARN_CONSTANT_CONVERSION = YES;
				CLANG_WARN_DEPRECATED_OBJC_IMPLEMENTATIONS = YES;
				CLANG_WARN_DIRECT_OBJC_ISA_USAGE = YES_ERROR;
				CLANG_WARN_DOCUMENTATION_COMMENTS = YES;
				CLANG_WARN_EMPTY_BODY = YES;
				CLANG_WARN_ENUM_CONVERSION = YES;
				CLANG_WARN_INFINITE_RECURSION = YES;
				CLANG_WARN_INT_CONVERSION = YES;
				CLANG_WARN_NON_LITERAL_NULL_CONVERSION = YES;
				CLANG_WARN_OBJC_IMPLICIT_RETAIN_SELF = YES;
				CLANG_WARN_OBJC_LITERAL_CONVERSION = YES;
				CLANG_WARN_OBJC_ROOT_CLASS = YES_ERROR;
				CLANG_WARN_RANGE_LOOP_ANALYSIS = YES;
				CLANG_WARN_STRICT_PROTOTYPES = YES;
				CLANG_WARN_SUSPICIOUS_MOVE = YES;
				CLANG_WARN_UNGUARDED_AVAILABILITY = YES_AGGRESSIVE;
				CLANG_WARN_UNREACHABLE_CODE = YES;
				CLANG_WARN__DUPLICATE_METHOD_MATCH = YES;
				CODE_SIGN_IDENTITY = "iPhone Developer";
				COPY_PHASE_STRIP = NO;
				DEBUG_INFORMATION_FORMAT = "dwarf-with-dsym";
				ENABLE_NS_ASSERTIONS = NO;
				ENABLE_STRICT_OBJC_MSGSEND = YES;
				GCC_C_LANGUAGE_STANDARD = gnu11;
				GCC_NO_COMMON_BLOCKS = YES;
				GCC_WARN_64_TO_32_BIT_CONVERSION = YES;
				GCC_WARN_ABOUT_RETURN_TYPE = YES_ERROR;
				GCC_WARN_UNDECLARED_SELECTOR = YES;
				GCC_WARN_UNINITIALIZED_AUTOS = YES_AGGRESSIVE;
				GCC_WARN_UNUSED_FUNCTION = YES;
				GCC_WARN_UNUSED_VARIABLE = YES;
				IPHONEOS_DEPLOYMENT_TARGET = 12.4;
				MTL_ENABLE_DEBUG_INFO = NO;
				MTL_FAST_MATH = YES;
				SDKROOT = iphoneos;
				SWIFT_COMPILATION_MODE = wholemodule;
				SWIFT_OPTIMIZATION_LEVEL = "-O";
				VALIDATE_PRODUCT = YES;
			};
			name = Release;
		};
		0F3D9EB12327544F0051302A /* Debug */ = {
			isa = XCBuildConfiguration;
			baseConfigurationReference = AAD04374301C66AAB219DA3A /* Pods-Workspace.debug.xcconfig */;
			buildSettings = {
				ASSETCATALOG_COMPILER_APPICON_NAME = AppIcon;
				CODE_SIGN_IDENTITY = "Apple Development";
				CODE_SIGN_STYLE = Automatic;
				DEVELOPMENT_TEAM = 5FW86WU2PR;
				INFOPLIST_FILE = Workspace/Info.plist;
				LD_RUNPATH_SEARCH_PATHS = (
					"$(inherited)",
					"@executable_path/Frameworks",
				);
				PRODUCT_BUNDLE_IDENTIFIER = jamestouri.Workspace;
				PRODUCT_NAME = "$(TARGET_NAME)";
				PROVISIONING_PROFILE_SPECIFIER = "";
				SWIFT_VERSION = 5.0;
				TARGETED_DEVICE_FAMILY = "1,2";
			};
			name = Debug;
		};
		0F3D9EB22327544F0051302A /* Release */ = {
			isa = XCBuildConfiguration;
			baseConfigurationReference = 09443A09D33B265B1B62ABBF /* Pods-Workspace.release.xcconfig */;
			buildSettings = {
				ASSETCATALOG_COMPILER_APPICON_NAME = AppIcon;
				CODE_SIGN_IDENTITY = "Apple Development";
				CODE_SIGN_STYLE = Automatic;
				DEVELOPMENT_TEAM = 5FW86WU2PR;
				INFOPLIST_FILE = Workspace/Info.plist;
				LD_RUNPATH_SEARCH_PATHS = (
					"$(inherited)",
					"@executable_path/Frameworks",
				);
				PRODUCT_BUNDLE_IDENTIFIER = jamestouri.Workspace;
				PRODUCT_NAME = "$(TARGET_NAME)";
				PROVISIONING_PROFILE_SPECIFIER = "";
				SWIFT_VERSION = 5.0;
				TARGETED_DEVICE_FAMILY = "1,2";
			};
			name = Release;
		};
		0F3D9EB42327544F0051302A /* Debug */ = {
			isa = XCBuildConfiguration;
			buildSettings = {
				ALWAYS_EMBED_SWIFT_STANDARD_LIBRARIES = YES;
				BUNDLE_LOADER = "$(TEST_HOST)";
				CODE_SIGN_STYLE = Automatic;
				DEVELOPMENT_TEAM = 5Q3EAA7695;
				INFOPLIST_FILE = WorkspaceTests/Info.plist;
				LD_RUNPATH_SEARCH_PATHS = (
					"$(inherited)",
					"@executable_path/Frameworks",
					"@loader_path/Frameworks",
				);
				PRODUCT_BUNDLE_IDENTIFIER = jamestouri.WorkspaceTests;
				PRODUCT_NAME = "$(TARGET_NAME)";
				SWIFT_VERSION = 5.0;
				TARGETED_DEVICE_FAMILY = "1,2";
				TEST_HOST = "$(BUILT_PRODUCTS_DIR)/Workspace.app/Workspace";
			};
			name = Debug;
		};
		0F3D9EB52327544F0051302A /* Release */ = {
			isa = XCBuildConfiguration;
			buildSettings = {
				ALWAYS_EMBED_SWIFT_STANDARD_LIBRARIES = YES;
				BUNDLE_LOADER = "$(TEST_HOST)";
				CODE_SIGN_STYLE = Automatic;
				DEVELOPMENT_TEAM = 5Q3EAA7695;
				INFOPLIST_FILE = WorkspaceTests/Info.plist;
				LD_RUNPATH_SEARCH_PATHS = (
					"$(inherited)",
					"@executable_path/Frameworks",
					"@loader_path/Frameworks",
				);
				PRODUCT_BUNDLE_IDENTIFIER = jamestouri.WorkspaceTests;
				PRODUCT_NAME = "$(TARGET_NAME)";
				SWIFT_VERSION = 5.0;
				TARGETED_DEVICE_FAMILY = "1,2";
				TEST_HOST = "$(BUILT_PRODUCTS_DIR)/Workspace.app/Workspace";
			};
			name = Release;
		};
/* End XCBuildConfiguration section */

/* Begin XCConfigurationList section */
		0F3D9E8E2327544C0051302A /* Build configuration list for PBXProject "Workspace" */ = {
			isa = XCConfigurationList;
			buildConfigurations = (
				0F3D9EAE2327544F0051302A /* Debug */,
				0F3D9EAF2327544F0051302A /* Release */,
			);
			defaultConfigurationIsVisible = 0;
			defaultConfigurationName = Release;
		};
		0F3D9EB02327544F0051302A /* Build configuration list for PBXNativeTarget "Workspace" */ = {
			isa = XCConfigurationList;
			buildConfigurations = (
				0F3D9EB12327544F0051302A /* Debug */,
				0F3D9EB22327544F0051302A /* Release */,
			);
			defaultConfigurationIsVisible = 0;
			defaultConfigurationName = Release;
		};
		0F3D9EB32327544F0051302A /* Build configuration list for PBXNativeTarget "WorkspaceTests" */ = {
			isa = XCConfigurationList;
			buildConfigurations = (
				0F3D9EB42327544F0051302A /* Debug */,
				0F3D9EB52327544F0051302A /* Release */,
			);
			defaultConfigurationIsVisible = 0;
			defaultConfigurationName = Release;
		};
/* End XCConfigurationList section */
	};
	rootObject = 0F3D9E8B2327544C0051302A /* Project object */;
}
